PODS:
  - Alamofire (5.4.3)
  - EasyPeasy (1.10.0)
  - GlossButtonNode (3.1.2):
    - Texture/Core (~> 3)
    - TextureSwiftSupport (>= 3.10.0)
  - Localize-Swift (3.2.0):
    - Localize-Swift/LocalizeSwiftCore (= 3.2.0)
    - Localize-Swift/UIKit (= 3.2.0)
  - Localize-Swift/LocalizeSwiftCore (3.2.0)
  - Localize-Swift/UIKit (3.2.0):
    - Localize-Swift/LocalizeSwiftCore
  - LookinServer (1.0.2)
  - Moya (14.0.0):
    - Moya/Core (= 14.0.0)
  - Moya-ObjectMapper/Core (2.9):
    - Moya (~> 14.0.0-beta.6)
    - ObjectMapper
  - Moya-ObjectMapper/RxSwift (2.9):
    - Moya-ObjectMapper/Core
    - Moya/RxSwift
    - RxSwift
  - Moya/Core (14.0.0):
    - Alamofire (~> 5.0)
  - Moya/RxSwift (14.0.0):
    - Moya/Core
    - RxSwift (~> 5.0)
  - ObjectMapper (4.2.0)
  - PINCache (3.0.3):
    - PINCache/Arc-exception-safe (= 3.0.3)
    - PINCache/Core (= 3.0.3)
  - PINCache/Arc-exception-safe (3.0.3):
    - PINCache/Core
  - PINCache/Core (3.0.3):
    - PINOperation (~> 1.2.1)
  - PINOperation (1.2.1)
  - PINRemoteImage/Core (3.0.3):
    - PINOperation
  - PINRemoteImage/iOS (3.0.3):
    - PINRemoteImage/Core
  - PINRemoteImage/PINCache (3.0.3):
    - PINCache (~> 3.0.3)
    - PINRemoteImage/Core
  - Reveal-SDK (29)
  - RxCocoa (5.1.1):
    - RxRelay (~> 5)
    - RxSwift (~> 5)
  - RxRelay (5.1.1):
    - RxSwift (~> 5)
  - RxSwift (5.1.2)
  - SnapKit (5.0.1)
  - StorybookKit (1.7.0)
  - StorybookKitTextureSupport (1.7.0):
    - StorybookKit (>= 1.7.0)
    - Texture/Core (>= 3.0.0)
    - TextureBridging (>= 3.0.1)
    - TextureSwiftSupport (>= 3.9.0)
  - StorybookUI (1.7.0):
    - StorybookKit (>= 1.3.0)
  - Texture (3.0.0):
    - Texture/AssetsLibrary (= 3.0.0)
    - Texture/Core (= 3.0.0)
    - Texture/MapKit (= 3.0.0)
    - Texture/Photos (= 3.0.0)
    - Texture/PINRemoteImage (= 3.0.0)
    - Texture/Video (= 3.0.0)
  - Texture/AssetsLibrary (3.0.0):
    - Texture/Core
  - Texture/Core (3.0.0)
  - Texture/MapKit (3.0.0):
    - Texture/Core
  - Texture/Photos (3.0.0):
    - Texture/Core
  - Texture/PINRemoteImage (3.0.0):
    - PINRemoteImage/iOS (~> 3.0.0)
    - PINRemoteImage/PINCache
    - Texture/Core
  - Texture/Video (3.0.0):
    - Texture/Core
  - TextureBridging (3.0.1):
    - Texture/Core (~> 3)
  - TextureSwiftSupport (3.11.0):
    - Texture/Core (>= 3)
    - TextureSwiftSupport/Components (= 3.11.0)
    - TextureSwiftSupport/Experiments (= 3.11.0)
    - TextureSwiftSupport/Extensions (= 3.11.0)
    - TextureSwiftSupport/LayoutSpecBuilders (= 3.11.0)
  - TextureSwiftSupport/Components (3.11.0):
    - Texture/Core (>= 3)
    - TextureSwiftSupport/LayoutSpecBuilders
  - TextureSwiftSupport/Experiments (3.11.0):
    - Texture/Core (>= 3)
  - TextureSwiftSupport/Extensions (3.11.0):
    - Texture/Core (>= 3)
  - TextureSwiftSupport/LayoutSpecBuilders (3.11.0):
    - Texture/Core (>= 3)
  - TypedTextAttributes (1.2.0)

DEPENDENCIES:
  - EasyPeasy
  - GlossButtonNode
  - Localize-Swift
  - LookinServer
  - Moya-ObjectMapper/RxSwift
  - Moya/RxSwift
  - Reveal-SDK
  - RxCocoa
  - RxSwift
  - SnapKit
  - StorybookKit
  - StorybookKitTextureSupport
  - StorybookUI
  - Texture
  - Texture/PINRemoteImage
  - TextureSwiftSupport
  - TypedTextAttributes

SPEC REPOS:
  https://github.com/CocoaPods/Specs.git:
    - Alamofire
    - EasyPeasy
    - GlossButtonNode
    - Localize-Swift
    - LookinServer
    - Moya
    - Moya-ObjectMapper
    - ObjectMapper
    - PINCache
    - PINOperation
    - PINRemoteImage
    - Reveal-SDK
    - RxCocoa
    - RxRelay
    - RxSwift
    - SnapKit
    - StorybookKit
    - StorybookKitTextureSupport
    - StorybookUI
    - Texture
    - TextureBridging
    - TextureSwiftSupport
    - TypedTextAttributes

SPEC CHECKSUMS:
  Alamofire: e447a2774a40c996748296fa2c55112fdbbc42f9
  EasyPeasy: b9b1bae024d21a7dfa9bad26d6826d88348cc6f1
  GlossButtonNode: 4ea1197a744f2fb5fb875fe31caf17ded4762e8f
  Localize-Swift: 6f4475136bdb0d7b2882ea3d4ea919d70142b232
  LookinServer: d6874df8b58096c8d463817b6baaa3abc21d31f7
  Moya: 5b45dacb75adb009f97fde91c204c1e565d31916
  Moya-ObjectMapper: 967a99d9ea3aa9c93ddbe112aeca3667f53bfe93
  ObjectMapper: 1eb41f610210777375fa806bf161dc39fb832b81
  PINCache: 7a8fc1a691173d21dbddbf86cd515de6efa55086
  PINOperation: 00c935935f1e8cf0d1e2d6b542e75b88fc3e5e20
  PINRemoteImage: f1295b29f8c5e640e25335a1b2bd9d805171bd01
  Reveal-SDK: 0ecda2395cf587e2f574c19a723b3dd27c90572e
  RxCocoa: 32065309a38d29b5b0db858819b5bf9ef038b601
  RxRelay: d77f7d771495f43c556cbc43eebd1bb54d01e8e9
  RxSwift: 1e2e1f9570186967f617e49128ed26ccf1bafc8e
  SnapKit: 97b92857e3df3a0c71833cce143274bf6ef8e5eb
  StorybookKit: 6821c796c7abd909ea370dbf86eb7bd5087a9e04
  StorybookKitTextureSupport: 2fe047a155f87dedff413247ce1d53e26e726a1e
  StorybookUI: aa60ba1ea5a169f39134822cddd2248f3840b79e
  Texture: 2f109e937850d94d1d07232041c9c7313ccddb81
  TextureBridging: b4035a6a9e64d061f3238f3dc08abd36b8eff8f7
  TextureSwiftSupport: b97859d0f3016f1af2f276bf6d987e916b23b150
  TypedTextAttributes: 624acbbc3bd067453d76f7408c6d6c5f0964d51b

PODFILE CHECKSUM: 954214308b036c726bf6381e9d4052d90dbfdf3a

COCOAPODS: 1.10.1
