// !$*UTF8*$!
{
	archiveVersion = 1;
	classes = {
	};
	objectVersion = 51;
	objects = {

/* Begin PBXBuildFile section */
		447E9990AB27F7FCD3D924AC /* Pods_TextureExamples.framework in Frameworks */ = {isa = PBXBuildFile; fileRef = 6CFB62A3112E0806C8A7ED6A /* Pods_TextureExamples.framework */; };
		4D0AF9502692E44600382C48 /* JustifyAndAlignController.swift in Sources */ = {isa = PBXBuildFile; fileRef = 4D0AF94F2692E44600382C48 /* JustifyAndAlignController.swift */; };
		4D0B2054266F59C9005037E1 /* AppDelegate.swift in Sources */ = {isa = PBXBuildFile; fileRef = 4D0B2053266F59C9005037E1 /* AppDelegate.swift */; };
		4D0B205D266F59CB005037E1 /* Assets.xcassets in Resources */ = {isa = PBXBuildFile; fileRef = 4D0B205C266F59CB005037E1 /* Assets.xcassets */; };
		4D0B2060266F59CB005037E1 /* LaunchScreen.storyboard in Resources */ = {isa = PBXBuildFile; fileRef = 4D0B205E266F59CB005037E1 /* LaunchScreen.storyboard */; };
		4D0B2093266F5A7F005037E1 /* Constants.swift in Sources */ = {isa = PBXBuildFile; fileRef = 4D0B2069266F5A7E005037E1 /* Constants.swift */; };
		4D0B209B266F5A7F005037E1 /* Date.swift in Sources */ = {isa = PBXBuildFile; fileRef = 4D0B2076266F5A7F005037E1 /* Date.swift */; };
		4D0B209C266F5A7F005037E1 /* NumberFormatter.swift in Sources */ = {isa = PBXBuildFile; fileRef = 4D0B2077266F5A7F005037E1 /* NumberFormatter.swift */; };
		4D0B209F266F5A7F005037E1 /* CustomCollectionCellNode.swift in Sources */ = {isa = PBXBuildFile; fileRef = 4D0B207B266F5A7F005037E1 /* CustomCollectionCellNode.swift */; };
		4D0B20A0266F5A7F005037E1 /* CustomCollectionNodeController.swift in Sources */ = {isa = PBXBuildFile; fileRef = 4D0B207C266F5A7F005037E1 /* CustomCollectionNodeController.swift */; };
		4D0B20A4266F5A7F005037E1 /* Book.StyledEdgeNode.swift in Sources */ = {isa = PBXBuildFile; fileRef = 4D0B2082266F5A7F005037E1 /* Book.StyledEdgeNode.swift */; };
		4D0B20A5266F5A7F005037E1 /* RootContainerViewController.swift in Sources */ = {isa = PBXBuildFile; fileRef = 4D0B2083266F5A7F005037E1 /* RootContainerViewController.swift */; };
		4D0B20A6266F5A7F005037E1 /* Book.ImageNode.swift in Sources */ = {isa = PBXBuildFile; fileRef = 4D0B2084266F5A7F005037E1 /* Book.ImageNode.swift */; };
		4D0B20A7266F5A7F005037E1 /* Mocks.swift in Sources */ = {isa = PBXBuildFile; fileRef = 4D0B2086266F5A7F005037E1 /* Mocks.swift */; };
		4D0B20A8266F5A7F005037E1 /* Components.swift in Sources */ = {isa = PBXBuildFile; fileRef = 4D0B2087266F5A7F005037E1 /* Components.swift */; };
		4D0B20A9266F5A7F005037E1 /* RecursiveLayoutViewController.swift in Sources */ = {isa = PBXBuildFile; fileRef = 4D0B2089266F5A7F005037E1 /* RecursiveLayoutViewController.swift */; };
		4D0B20AA266F5A7F005037E1 /* InstagramPostCellViewController.swift in Sources */ = {isa = PBXBuildFile; fileRef = 4D0B208A266F5A7F005037E1 /* InstagramPostCellViewController.swift */; };
		4D0B20AB266F5A7F005037E1 /* CompositionCatalogViewController.swift in Sources */ = {isa = PBXBuildFile; fileRef = 4D0B208B266F5A7F005037E1 /* CompositionCatalogViewController.swift */; };
		4D0B20AC266F5A7F005037E1 /* AdaptiveLayoutViewController.swift in Sources */ = {isa = PBXBuildFile; fileRef = 4D0B208C266F5A7F005037E1 /* AdaptiveLayoutViewController.swift */; };
		4D0B20AD266F5A7F005037E1 /* TransitionLayoutViewController.swift in Sources */ = {isa = PBXBuildFile; fileRef = 4D0B208D266F5A7F005037E1 /* TransitionLayoutViewController.swift */; };
		4D0B20AE266F5A7F005037E1 /* Util.swift in Sources */ = {isa = PBXBuildFile; fileRef = 4D0B208E266F5A7F005037E1 /* Util.swift */; };
		4D0B20AF266F5A7F005037E1 /* Book.swift in Sources */ = {isa = PBXBuildFile; fileRef = 4D0B208F266F5A7F005037E1 /* Book.swift */; };
		4D0B20B0266F5A7F005037E1 /* Book.TiledLayer.swift in Sources */ = {isa = PBXBuildFile; fileRef = 4D0B2090266F5A7F005037E1 /* Book.TiledLayer.swift */; };
		4D0B20B1266F5A7F005037E1 /* ZStackView.swift in Sources */ = {isa = PBXBuildFile; fileRef = 4D0B2091266F5A7F005037E1 /* ZStackView.swift */; };
		4D0B20B2266F5A7F005037E1 /* Book.InteractiveNode.swift in Sources */ = {isa = PBXBuildFile; fileRef = 4D0B2092266F5A7F005037E1 /* Book.InteractiveNode.swift */; };
		4D5C89D826930E3D007AD78D /* BaseNavigationController.swift in Sources */ = {isa = PBXBuildFile; fileRef = 4D5C89D726930E3D007AD78D /* BaseNavigationController.swift */; };
		4D5C89DB26931551007AD78D /* PhotoTableViewController.swift in Sources */ = {isa = PBXBuildFile; fileRef = 4D5C89DA26931551007AD78D /* PhotoTableViewController.swift */; };
		4D5C89DD269315D5007AD78D /* PhotoTableNodeController.swift in Sources */ = {isa = PBXBuildFile; fileRef = 4D5C89DC269315D5007AD78D /* PhotoTableNodeController.swift */; };
		4D5C89E02693166B007AD78D /* PhotoTableViewModel.swift in Sources */ = {isa = PBXBuildFile; fileRef = 4D5C89DF2693166B007AD78D /* PhotoTableViewModel.swift */; };
		4D5C89E22693EBF7007AD78D /* PhotoTableViewCell.swift in Sources */ = {isa = PBXBuildFile; fileRef = 4D5C89E12693EBF7007AD78D /* PhotoTableViewCell.swift */; };
		4D5C89E62693FE4E007AD78D /* PhotoTableCellNode.swift in Sources */ = {isa = PBXBuildFile; fileRef = 4D5C89E52693FE4E007AD78D /* PhotoTableCellNode.swift */; };
		4D5C89EA26942745007AD78D /* UIViewController+Extensions.swift in Sources */ = {isa = PBXBuildFile; fileRef = 4D5C89E926942745007AD78D /* UIViewController+Extensions.swift */; };
		4D5C89EC2694279C007AD78D /* BaseCollectionNodeController.swift in Sources */ = {isa = PBXBuildFile; fileRef = 4D5C89EB2694279C007AD78D /* BaseCollectionNodeController.swift */; };
		4D5C89EE2694386B007AD78D /* PhotoCollectionNodeController.swift in Sources */ = {isa = PBXBuildFile; fileRef = 4D5C89ED2694386B007AD78D /* PhotoCollectionNodeController.swift */; };
		4D5C89F02694387C007AD78D /* PhotoCollectionCellNode.swift in Sources */ = {isa = PBXBuildFile; fileRef = 4D5C89EF2694387C007AD78D /* PhotoCollectionCellNode.swift */; };
		4D5C89F4269448C8007AD78D /* PhotoCollectionViewController.swift in Sources */ = {isa = PBXBuildFile; fileRef = 4D5C89F3269448C8007AD78D /* PhotoCollectionViewController.swift */; };
		4D5C89F6269448D6007AD78D /* PhotoCollectionViewCell.swift in Sources */ = {isa = PBXBuildFile; fileRef = 4D5C89F5269448D6007AD78D /* PhotoCollectionViewCell.swift */; };
		4D8054DF268F0C0900A9B5E9 /* InfoNode.swift in Sources */ = {isa = PBXBuildFile; fileRef = 4D8054DE268F0C0900A9B5E9 /* InfoNode.swift */; };
		4DCD9C1126959E410067DBF6 /* LayoutsController.swift in Sources */ = {isa = PBXBuildFile; fileRef = 4DCD9C1026959E410067DBF6 /* LayoutsController.swift */; };
		4DCD9C1326959E8B0067DBF6 /* LayoutsViewModel.swift in Sources */ = {isa = PBXBuildFile; fileRef = 4DCD9C1226959E8B0067DBF6 /* LayoutsViewModel.swift */; };
		4DCD9C1526959EB60067DBF6 /* LayoutsModel.swift in Sources */ = {isa = PBXBuildFile; fileRef = 4DCD9C1426959EB60067DBF6 /* LayoutsModel.swift */; };
		4DCD9C172695A4140067DBF6 /* LayoutsCellNode.swift in Sources */ = {isa = PBXBuildFile; fileRef = 4DCD9C162695A4140067DBF6 /* LayoutsCellNode.swift */; };
		4DCD9C1A2695A73A0067DBF6 /* BaseNodeController.swift in Sources */ = {isa = PBXBuildFile; fileRef = 4DCD9C192695A73A0067DBF6 /* BaseNodeController.swift */; };
		4DCD9C1C2695A7D60067DBF6 /* WrapperLayoutController.swift in Sources */ = {isa = PBXBuildFile; fileRef = 4DCD9C1B2695A7D60067DBF6 /* WrapperLayoutController.swift */; };
		4DCD9C1E2695AC5D0067DBF6 /* Logger.swift in Sources */ = {isa = PBXBuildFile; fileRef = 4DCD9C1D2695AC5D0067DBF6 /* Logger.swift */; };
		4DCD9C202695AFB30067DBF6 /* StackLayoutController.swift in Sources */ = {isa = PBXBuildFile; fileRef = 4DCD9C1F2695AFB30067DBF6 /* StackLayoutController.swift */; };
		4DCD9C222695B2250067DBF6 /* InsetLayoutController.swift in Sources */ = {isa = PBXBuildFile; fileRef = 4DCD9C212695B2250067DBF6 /* InsetLayoutController.swift */; };
		4DCD9C242695B2E70067DBF6 /* OverlayLayoutController.swift in Sources */ = {isa = PBXBuildFile; fileRef = 4DCD9C232695B2E70067DBF6 /* OverlayLayoutController.swift */; };
		BF367F82269204C0009A883A /* RoundNode.swift in Sources */ = {isa = PBXBuildFile; fileRef = BF367F81269204BF009A883A /* RoundNode.swift */; };
		BF367F84269204DB009A883A /* SquareNode.swift in Sources */ = {isa = PBXBuildFile; fileRef = BF367F83269204DB009A883A /* SquareNode.swift */; };
		BF367F962693278B009A883A /* ApiServiceType.swift in Sources */ = {isa = PBXBuildFile; fileRef = BF367F862693278A009A883A /* ApiServiceType.swift */; };
		BF367F972693278B009A883A /* Router.swift in Sources */ = {isa = PBXBuildFile; fileRef = BF367F872693278A009A883A /* Router.swift */; };
		BF367F982693278B009A883A /* ApiNetworking.swift in Sources */ = {isa = PBXBuildFile; fileRef = BF367F892693278B009A883A /* ApiNetworking.swift */; };
		BF367F992693278B009A883A /* ApiService+Request.swift in Sources */ = {isa = PBXBuildFile; fileRef = BF367F8A2693278B009A883A /* ApiService+Request.swift */; };
		BF367F9A2693278B009A883A /* ErrorTracker.swift in Sources */ = {isa = PBXBuildFile; fileRef = BF367F8B2693278B009A883A /* ErrorTracker.swift */; };
		BF367F9B2693278B009A883A /* ApiProvider.swift in Sources */ = {isa = PBXBuildFile; fileRef = BF367F8C2693278B009A883A /* ApiProvider.swift */; };
		BF367F9C2693278B009A883A /* ErrorType.swift in Sources */ = {isa = PBXBuildFile; fileRef = BF367F8D2693278B009A883A /* ErrorType.swift */; };
		BF367F9D2693278B009A883A /* CodeResponse.swift in Sources */ = {isa = PBXBuildFile; fileRef = BF367F8E2693278B009A883A /* CodeResponse.swift */; };
		BF367F9E2693278B009A883A /* SessionManager.swift in Sources */ = {isa = PBXBuildFile; fileRef = BF367F8F2693278B009A883A /* SessionManager.swift */; };
		BF367F9F2693278B009A883A /* NetworkingTypes.swift in Sources */ = {isa = PBXBuildFile; fileRef = BF367F902693278B009A883A /* NetworkingTypes.swift */; };
		BF367FA22693278B009A883A /* ActivityIndicator.swift in Sources */ = {isa = PBXBuildFile; fileRef = BF367F932693278B009A883A /* ActivityIndicator.swift */; };
		BF367FA42693278B009A883A /* ApiService.swift in Sources */ = {isa = PBXBuildFile; fileRef = BF367F952693278B009A883A /* ApiService.swift */; };
		BF367FA626935013009A883A /* PhotoTableModel.swift in Sources */ = {isa = PBXBuildFile; fileRef = BF367FA526935013009A883A /* PhotoTableModel.swift */; };
		BF367FA826935F95009A883A /* ListsViewModel.swift in Sources */ = {isa = PBXBuildFile; fileRef = BF367FA726935F95009A883A /* ListsViewModel.swift */; };
		BF367FAA2693602C009A883A /* ListsModel.swift in Sources */ = {isa = PBXBuildFile; fileRef = BF367FA92693602C009A883A /* ListsModel.swift */; };
		BF367FAC26936290009A883A /* ListsCellNode.swift in Sources */ = {isa = PBXBuildFile; fileRef = BF367FAB26936290009A883A /* ListsCellNode.swift */; };
		BFAF3BF2266FC7F3008DFED8 /* Rx+Observable.swift in Sources */ = {isa = PBXBuildFile; fileRef = BFAF3BF1266FC7F3008DFED8 /* Rx+Observable.swift */; };
		BFC371CD268BF3D600A67231 /* AlignItemsController.swift in Sources */ = {isa = PBXBuildFile; fileRef = BFC371CC268BF3D600A67231 /* AlignItemsController.swift */; };
		BFC371CF268BF3E100A67231 /* JustifyContentController.swift in Sources */ = {isa = PBXBuildFile; fileRef = BFC371CE268BF3E100A67231 /* JustifyContentController.swift */; };
		BFC371D7268CCDCE00A67231 /* ListsController.swift in Sources */ = {isa = PBXBuildFile; fileRef = BFC371D6268CCDCE00A67231 /* ListsController.swift */; };
		BFC413282694B82B00385C8D /* PhotoIGCollectionNodeController.swift in Sources */ = {isa = PBXBuildFile; fileRef = BFC413272694B82B00385C8D /* PhotoIGCollectionNodeController.swift */; };
		BFC4132A2695CD9D00385C8D /* BackgroundLayoutController.swift in Sources */ = {isa = PBXBuildFile; fileRef = BFC413292695CD9D00385C8D /* BackgroundLayoutController.swift */; };
		BFC4132D2695CDBC00385C8D /* ColorNode.swift in Sources */ = {isa = PBXBuildFile; fileRef = BFC4132C2695CDBC00385C8D /* ColorNode.swift */; };
		BFC4132F2695D8F200385C8D /* CenterLayoutController.swift in Sources */ = {isa = PBXBuildFile; fileRef = BFC4132E2695D8F200385C8D /* CenterLayoutController.swift */; };
		BFC413312695FE9000385C8D /* RatioLayoutController.swift in Sources */ = {isa = PBXBuildFile; fileRef = BFC413302695FE9000385C8D /* RatioLayoutController.swift */; };
		BFFF2E72268A065A00005591 /* TabBarController.swift in Sources */ = {isa = PBXBuildFile; fileRef = BFFF2E71268A065A00005591 /* TabBarController.swift */; };
		BFFF2E74268A078000005591 /* ExampleListController.swift in Sources */ = {isa = PBXBuildFile; fileRef = BFFF2E73268A078000005591 /* ExampleListController.swift */; };
		BFFF2E77268A082E00005591 /* BaseTableNodeController.swift in Sources */ = {isa = PBXBuildFile; fileRef = BFFF2E76268A082E00005591 /* BaseTableNodeController.swift */; };
		BFFF2E79268A09AE00005591 /* ExampleListViewModel.swift in Sources */ = {isa = PBXBuildFile; fileRef = BFFF2E78268A09AE00005591 /* ExampleListViewModel.swift */; };
		BFFF2E7B268A09F500005591 /* ExampleListModel.swift in Sources */ = {isa = PBXBuildFile; fileRef = BFFF2E7A268A09F500005591 /* ExampleListModel.swift */; };
		BFFF2E7D268A0AA700005591 /* ExampleListCellNode.swift in Sources */ = {isa = PBXBuildFile; fileRef = BFFF2E7C268A0AA700005591 /* ExampleListCellNode.swift */; };
		BFFF2E7F268A28F500005591 /* NSAttributeString+Extensions.swift in Sources */ = {isa = PBXBuildFile; fileRef = BFFF2E7E268A28F500005591 /* NSAttributeString+Extensions.swift */; };
		BFFF2E81268A299500005591 /* UIColor+Extensions.swift in Sources */ = {isa = PBXBuildFile; fileRef = BFFF2E80268A299500005591 /* UIColor+Extensions.swift */; };
		BFFF2E83268A9B1800005591 /* TabBarModel.swift in Sources */ = {isa = PBXBuildFile; fileRef = BFFF2E82268A9B1800005591 /* TabBarModel.swift */; };
		BFFF2E88268A9C9F00005591 /* Localizable.strings in Resources */ = {isa = PBXBuildFile; fileRef = BFFF2E8A268A9C9F00005591 /* Localizable.strings */; };
/* End PBXBuildFile section */

/* Begin PBXFileReference section */
		14B6AE99CCC904DA354573DB /* Pods-TextureExamples.release.xcconfig */ = {isa = PBXFileReference; includeInIndex = 1; lastKnownFileType = text.xcconfig; name = "Pods-TextureExamples.release.xcconfig"; path = "Target Support Files/Pods-TextureExamples/Pods-TextureExamples.release.xcconfig"; sourceTree = "<group>"; };
		4C6F4B15B65F7B3C52AFF782 /* Pods-TextureExamples.debug.xcconfig */ = {isa = PBXFileReference; includeInIndex = 1; lastKnownFileType = text.xcconfig; name = "Pods-TextureExamples.debug.xcconfig"; path = "Target Support Files/Pods-TextureExamples/Pods-TextureExamples.debug.xcconfig"; sourceTree = "<group>"; };
		4D0AF94F2692E44600382C48 /* JustifyAndAlignController.swift */ = {isa = PBXFileReference; lastKnownFileType = sourcecode.swift; path = JustifyAndAlignController.swift; sourceTree = "<group>"; };
		4D0B2050266F59C9005037E1 /* TextureExamples.app */ = {isa = PBXFileReference; explicitFileType = wrapper.application; includeInIndex = 0; path = TextureExamples.app; sourceTree = BUILT_PRODUCTS_DIR; };
		4D0B2053266F59C9005037E1 /* AppDelegate.swift */ = {isa = PBXFileReference; lastKnownFileType = sourcecode.swift; path = AppDelegate.swift; sourceTree = "<group>"; };
		4D0B205C266F59CB005037E1 /* Assets.xcassets */ = {isa = PBXFileReference; lastKnownFileType = folder.assetcatalog; path = Assets.xcassets; sourceTree = "<group>"; };
		4D0B205F266F59CB005037E1 /* Base */ = {isa = PBXFileReference; lastKnownFileType = file.storyboard; name = Base; path = Base.lproj/LaunchScreen.storyboard; sourceTree = "<group>"; };
		4D0B2061266F59CB005037E1 /* Info.plist */ = {isa = PBXFileReference; lastKnownFileType = text.plist.xml; path = Info.plist; sourceTree = "<group>"; };
		4D0B2069266F5A7E005037E1 /* Constants.swift */ = {isa = PBXFileReference; fileEncoding = 4; lastKnownFileType = sourcecode.swift; path = Constants.swift; sourceTree = "<group>"; };
		4D0B2076266F5A7F005037E1 /* Date.swift */ = {isa = PBXFileReference; fileEncoding = 4; lastKnownFileType = sourcecode.swift; path = Date.swift; sourceTree = "<group>"; };
		4D0B2077266F5A7F005037E1 /* NumberFormatter.swift */ = {isa = PBXFileReference; fileEncoding = 4; lastKnownFileType = sourcecode.swift; path = NumberFormatter.swift; sourceTree = "<group>"; };
		4D0B207B266F5A7F005037E1 /* CustomCollectionCellNode.swift */ = {isa = PBXFileReference; fileEncoding = 4; lastKnownFileType = sourcecode.swift; path = CustomCollectionCellNode.swift; sourceTree = "<group>"; };
		4D0B207C266F5A7F005037E1 /* CustomCollectionNodeController.swift */ = {isa = PBXFileReference; fileEncoding = 4; lastKnownFileType = sourcecode.swift; path = CustomCollectionNodeController.swift; sourceTree = "<group>"; };
		4D0B2082266F5A7F005037E1 /* Book.StyledEdgeNode.swift */ = {isa = PBXFileReference; fileEncoding = 4; lastKnownFileType = sourcecode.swift; path = Book.StyledEdgeNode.swift; sourceTree = "<group>"; };
		4D0B2083266F5A7F005037E1 /* RootContainerViewController.swift */ = {isa = PBXFileReference; fileEncoding = 4; lastKnownFileType = sourcecode.swift; path = RootContainerViewController.swift; sourceTree = "<group>"; };
		4D0B2084266F5A7F005037E1 /* Book.ImageNode.swift */ = {isa = PBXFileReference; fileEncoding = 4; lastKnownFileType = sourcecode.swift; path = Book.ImageNode.swift; sourceTree = "<group>"; };
		4D0B2086266F5A7F005037E1 /* Mocks.swift */ = {isa = PBXFileReference; fileEncoding = 4; lastKnownFileType = sourcecode.swift; path = Mocks.swift; sourceTree = "<group>"; };
		4D0B2087266F5A7F005037E1 /* Components.swift */ = {isa = PBXFileReference; fileEncoding = 4; lastKnownFileType = sourcecode.swift; path = Components.swift; sourceTree = "<group>"; };
		4D0B2089266F5A7F005037E1 /* RecursiveLayoutViewController.swift */ = {isa = PBXFileReference; fileEncoding = 4; lastKnownFileType = sourcecode.swift; path = RecursiveLayoutViewController.swift; sourceTree = "<group>"; };
		4D0B208A266F5A7F005037E1 /* InstagramPostCellViewController.swift */ = {isa = PBXFileReference; fileEncoding = 4; lastKnownFileType = sourcecode.swift; path = InstagramPostCellViewController.swift; sourceTree = "<group>"; };
		4D0B208B266F5A7F005037E1 /* CompositionCatalogViewController.swift */ = {isa = PBXFileReference; fileEncoding = 4; lastKnownFileType = sourcecode.swift; path = CompositionCatalogViewController.swift; sourceTree = "<group>"; };
		4D0B208C266F5A7F005037E1 /* AdaptiveLayoutViewController.swift */ = {isa = PBXFileReference; fileEncoding = 4; lastKnownFileType = sourcecode.swift; path = AdaptiveLayoutViewController.swift; sourceTree = "<group>"; };
		4D0B208D266F5A7F005037E1 /* TransitionLayoutViewController.swift */ = {isa = PBXFileReference; fileEncoding = 4; lastKnownFileType = sourcecode.swift; path = TransitionLayoutViewController.swift; sourceTree = "<group>"; };
		4D0B208E266F5A7F005037E1 /* Util.swift */ = {isa = PBXFileReference; fileEncoding = 4; lastKnownFileType = sourcecode.swift; path = Util.swift; sourceTree = "<group>"; };
		4D0B208F266F5A7F005037E1 /* Book.swift */ = {isa = PBXFileReference; fileEncoding = 4; lastKnownFileType = sourcecode.swift; path = Book.swift; sourceTree = "<group>"; };
		4D0B2090266F5A7F005037E1 /* Book.TiledLayer.swift */ = {isa = PBXFileReference; fileEncoding = 4; lastKnownFileType = sourcecode.swift; path = Book.TiledLayer.swift; sourceTree = "<group>"; };
		4D0B2091266F5A7F005037E1 /* ZStackView.swift */ = {isa = PBXFileReference; fileEncoding = 4; lastKnownFileType = sourcecode.swift; path = ZStackView.swift; sourceTree = "<group>"; };
		4D0B2092266F5A7F005037E1 /* Book.InteractiveNode.swift */ = {isa = PBXFileReference; fileEncoding = 4; lastKnownFileType = sourcecode.swift; path = Book.InteractiveNode.swift; sourceTree = "<group>"; };
		4D5C89D726930E3D007AD78D /* BaseNavigationController.swift */ = {isa = PBXFileReference; lastKnownFileType = sourcecode.swift; path = BaseNavigationController.swift; sourceTree = "<group>"; };
		4D5C89DA26931551007AD78D /* PhotoTableViewController.swift */ = {isa = PBXFileReference; lastKnownFileType = sourcecode.swift; path = PhotoTableViewController.swift; sourceTree = "<group>"; };
		4D5C89DC269315D5007AD78D /* PhotoTableNodeController.swift */ = {isa = PBXFileReference; lastKnownFileType = sourcecode.swift; path = PhotoTableNodeController.swift; sourceTree = "<group>"; };
		4D5C89DF2693166B007AD78D /* PhotoTableViewModel.swift */ = {isa = PBXFileReference; lastKnownFileType = sourcecode.swift; path = PhotoTableViewModel.swift; sourceTree = "<group>"; };
		4D5C89E12693EBF7007AD78D /* PhotoTableViewCell.swift */ = {isa = PBXFileReference; lastKnownFileType = sourcecode.swift; path = PhotoTableViewCell.swift; sourceTree = "<group>"; };
		4D5C89E52693FE4E007AD78D /* PhotoTableCellNode.swift */ = {isa = PBXFileReference; lastKnownFileType = sourcecode.swift; path = PhotoTableCellNode.swift; sourceTree = "<group>"; };
		4D5C89E926942745007AD78D /* UIViewController+Extensions.swift */ = {isa = PBXFileReference; lastKnownFileType = sourcecode.swift; path = "UIViewController+Extensions.swift"; sourceTree = "<group>"; };
		4D5C89EB2694279C007AD78D /* BaseCollectionNodeController.swift */ = {isa = PBXFileReference; lastKnownFileType = sourcecode.swift; path = BaseCollectionNodeController.swift; sourceTree = "<group>"; };
		4D5C89ED2694386B007AD78D /* PhotoCollectionNodeController.swift */ = {isa = PBXFileReference; lastKnownFileType = sourcecode.swift; path = PhotoCollectionNodeController.swift; sourceTree = "<group>"; };
		4D5C89EF2694387C007AD78D /* PhotoCollectionCellNode.swift */ = {isa = PBXFileReference; lastKnownFileType = sourcecode.swift; path = PhotoCollectionCellNode.swift; sourceTree = "<group>"; };
		4D5C89F3269448C8007AD78D /* PhotoCollectionViewController.swift */ = {isa = PBXFileReference; lastKnownFileType = sourcecode.swift; path = PhotoCollectionViewController.swift; sourceTree = "<group>"; };
		4D5C89F5269448D6007AD78D /* PhotoCollectionViewCell.swift */ = {isa = PBXFileReference; lastKnownFileType = sourcecode.swift; path = PhotoCollectionViewCell.swift; sourceTree = "<group>"; };
		4D8054DE268F0C0900A9B5E9 /* InfoNode.swift */ = {isa = PBXFileReference; lastKnownFileType = sourcecode.swift; path = InfoNode.swift; sourceTree = "<group>"; };
		4DCD9C1026959E410067DBF6 /* LayoutsController.swift */ = {isa = PBXFileReference; lastKnownFileType = sourcecode.swift; path = LayoutsController.swift; sourceTree = "<group>"; };
		4DCD9C1226959E8B0067DBF6 /* LayoutsViewModel.swift */ = {isa = PBXFileReference; lastKnownFileType = sourcecode.swift; path = LayoutsViewModel.swift; sourceTree = "<group>"; };
		4DCD9C1426959EB60067DBF6 /* LayoutsModel.swift */ = {isa = PBXFileReference; lastKnownFileType = sourcecode.swift; path = LayoutsModel.swift; sourceTree = "<group>"; };
		4DCD9C162695A4140067DBF6 /* LayoutsCellNode.swift */ = {isa = PBXFileReference; lastKnownFileType = sourcecode.swift; path = LayoutsCellNode.swift; sourceTree = "<group>"; };
		4DCD9C192695A73A0067DBF6 /* BaseNodeController.swift */ = {isa = PBXFileReference; lastKnownFileType = sourcecode.swift; path = BaseNodeController.swift; sourceTree = "<group>"; };
		4DCD9C1B2695A7D60067DBF6 /* WrapperLayoutController.swift */ = {isa = PBXFileReference; lastKnownFileType = sourcecode.swift; path = WrapperLayoutController.swift; sourceTree = "<group>"; };
		4DCD9C1D2695AC5D0067DBF6 /* Logger.swift */ = {isa = PBXFileReference; lastKnownFileType = sourcecode.swift; path = Logger.swift; sourceTree = "<group>"; };
		4DCD9C1F2695AFB30067DBF6 /* StackLayoutController.swift */ = {isa = PBXFileReference; lastKnownFileType = sourcecode.swift; path = StackLayoutController.swift; sourceTree = "<group>"; };
		4DCD9C212695B2250067DBF6 /* InsetLayoutController.swift */ = {isa = PBXFileReference; lastKnownFileType = sourcecode.swift; path = InsetLayoutController.swift; sourceTree = "<group>"; };
		4DCD9C232695B2E70067DBF6 /* OverlayLayoutController.swift */ = {isa = PBXFileReference; lastKnownFileType = sourcecode.swift; path = OverlayLayoutController.swift; sourceTree = "<group>"; };
		6CFB62A3112E0806C8A7ED6A /* Pods_TextureExamples.framework */ = {isa = PBXFileReference; explicitFileType = wrapper.framework; includeInIndex = 0; path = Pods_TextureExamples.framework; sourceTree = BUILT_PRODUCTS_DIR; };
		BF367F81269204BF009A883A /* RoundNode.swift */ = {isa = PBXFileReference; lastKnownFileType = sourcecode.swift; path = RoundNode.swift; sourceTree = "<group>"; };
		BF367F83269204DB009A883A /* SquareNode.swift */ = {isa = PBXFileReference; lastKnownFileType = sourcecode.swift; path = SquareNode.swift; sourceTree = "<group>"; };
		BF367F862693278A009A883A /* ApiServiceType.swift */ = {isa = PBXFileReference; fileEncoding = 4; lastKnownFileType = sourcecode.swift; path = ApiServiceType.swift; sourceTree = "<group>"; };
		BF367F872693278A009A883A /* Router.swift */ = {isa = PBXFileReference; fileEncoding = 4; lastKnownFileType = sourcecode.swift; path = Router.swift; sourceTree = "<group>"; };
		BF367F892693278B009A883A /* ApiNetworking.swift */ = {isa = PBXFileReference; fileEncoding = 4; lastKnownFileType = sourcecode.swift; path = ApiNetworking.swift; sourceTree = "<group>"; };
		BF367F8A2693278B009A883A /* ApiService+Request.swift */ = {isa = PBXFileReference; fileEncoding = 4; lastKnownFileType = sourcecode.swift; path = "ApiService+Request.swift"; sourceTree = "<group>"; };
		BF367F8B2693278B009A883A /* ErrorTracker.swift */ = {isa = PBXFileReference; fileEncoding = 4; lastKnownFileType = sourcecode.swift; path = ErrorTracker.swift; sourceTree = "<group>"; };
		BF367F8C2693278B009A883A /* ApiProvider.swift */ = {isa = PBXFileReference; fileEncoding = 4; lastKnownFileType = sourcecode.swift; path = ApiProvider.swift; sourceTree = "<group>"; };
		BF367F8D2693278B009A883A /* ErrorType.swift */ = {isa = PBXFileReference; fileEncoding = 4; lastKnownFileType = sourcecode.swift; path = ErrorType.swift; sourceTree = "<group>"; };
		BF367F8E2693278B009A883A /* CodeResponse.swift */ = {isa = PBXFileReference; fileEncoding = 4; lastKnownFileType = sourcecode.swift; path = CodeResponse.swift; sourceTree = "<group>"; };
		BF367F8F2693278B009A883A /* SessionManager.swift */ = {isa = PBXFileReference; fileEncoding = 4; lastKnownFileType = sourcecode.swift; path = SessionManager.swift; sourceTree = "<group>"; };
		BF367F902693278B009A883A /* NetworkingTypes.swift */ = {isa = PBXFileReference; fileEncoding = 4; lastKnownFileType = sourcecode.swift; path = NetworkingTypes.swift; sourceTree = "<group>"; };
		BF367F932693278B009A883A /* ActivityIndicator.swift */ = {isa = PBXFileReference; fileEncoding = 4; lastKnownFileType = sourcecode.swift; path = ActivityIndicator.swift; sourceTree = "<group>"; };
		BF367F952693278B009A883A /* ApiService.swift */ = {isa = PBXFileReference; fileEncoding = 4; lastKnownFileType = sourcecode.swift; path = ApiService.swift; sourceTree = "<group>"; };
		BF367FA526935013009A883A /* PhotoTableModel.swift */ = {isa = PBXFileReference; lastKnownFileType = sourcecode.swift; path = PhotoTableModel.swift; sourceTree = "<group>"; };
		BF367FA726935F95009A883A /* ListsViewModel.swift */ = {isa = PBXFileReference; lastKnownFileType = sourcecode.swift; path = ListsViewModel.swift; sourceTree = "<group>"; };
		BF367FA92693602C009A883A /* ListsModel.swift */ = {isa = PBXFileReference; lastKnownFileType = sourcecode.swift; path = ListsModel.swift; sourceTree = "<group>"; };
		BF367FAB26936290009A883A /* ListsCellNode.swift */ = {isa = PBXFileReference; lastKnownFileType = sourcecode.swift; path = ListsCellNode.swift; sourceTree = "<group>"; };
		BFAF3BF1266FC7F3008DFED8 /* Rx+Observable.swift */ = {isa = PBXFileReference; lastKnownFileType = sourcecode.swift; path = "Rx+Observable.swift"; sourceTree = "<group>"; };
		BFC371CC268BF3D600A67231 /* AlignItemsController.swift */ = {isa = PBXFileReference; lastKnownFileType = sourcecode.swift; path = AlignItemsController.swift; sourceTree = "<group>"; };
		BFC371CE268BF3E100A67231 /* JustifyContentController.swift */ = {isa = PBXFileReference; lastKnownFileType = sourcecode.swift; path = JustifyContentController.swift; sourceTree = "<group>"; };
		BFC371D6268CCDCE00A67231 /* ListsController.swift */ = {isa = PBXFileReference; lastKnownFileType = sourcecode.swift; path = ListsController.swift; sourceTree = "<group>"; };
		BFC413272694B82B00385C8D /* PhotoIGCollectionNodeController.swift */ = {isa = PBXFileReference; lastKnownFileType = sourcecode.swift; path = PhotoIGCollectionNodeController.swift; sourceTree = "<group>"; };
		BFC413292695CD9D00385C8D /* BackgroundLayoutController.swift */ = {isa = PBXFileReference; lastKnownFileType = sourcecode.swift; path = BackgroundLayoutController.swift; sourceTree = "<group>"; };
		BFC4132C2695CDBC00385C8D /* ColorNode.swift */ = {isa = PBXFileReference; lastKnownFileType = sourcecode.swift; path = ColorNode.swift; sourceTree = "<group>"; };
		BFC4132E2695D8F200385C8D /* CenterLayoutController.swift */ = {isa = PBXFileReference; lastKnownFileType = sourcecode.swift; path = CenterLayoutController.swift; sourceTree = "<group>"; };
		BFC413302695FE9000385C8D /* RatioLayoutController.swift */ = {isa = PBXFileReference; lastKnownFileType = sourcecode.swift; path = RatioLayoutController.swift; sourceTree = "<group>"; };
		BFFF2E71268A065A00005591 /* TabBarController.swift */ = {isa = PBXFileReference; lastKnownFileType = sourcecode.swift; path = TabBarController.swift; sourceTree = "<group>"; };
		BFFF2E73268A078000005591 /* ExampleListController.swift */ = {isa = PBXFileReference; lastKnownFileType = sourcecode.swift; path = ExampleListController.swift; sourceTree = "<group>"; };
		BFFF2E76268A082E00005591 /* BaseTableNodeController.swift */ = {isa = PBXFileReference; lastKnownFileType = sourcecode.swift; path = BaseTableNodeController.swift; sourceTree = "<group>"; };
		BFFF2E78268A09AE00005591 /* ExampleListViewModel.swift */ = {isa = PBXFileReference; lastKnownFileType = sourcecode.swift; path = ExampleListViewModel.swift; sourceTree = "<group>"; };
		BFFF2E7A268A09F500005591 /* ExampleListModel.swift */ = {isa = PBXFileReference; lastKnownFileType = sourcecode.swift; path = ExampleListModel.swift; sourceTree = "<group>"; };
		BFFF2E7C268A0AA700005591 /* ExampleListCellNode.swift */ = {isa = PBXFileReference; lastKnownFileType = sourcecode.swift; path = ExampleListCellNode.swift; sourceTree = "<group>"; };
		BFFF2E7E268A28F500005591 /* NSAttributeString+Extensions.swift */ = {isa = PBXFileReference; lastKnownFileType = sourcecode.swift; path = "NSAttributeString+Extensions.swift"; sourceTree = "<group>"; };
		BFFF2E80268A299500005591 /* UIColor+Extensions.swift */ = {isa = PBXFileReference; lastKnownFileType = sourcecode.swift; path = "UIColor+Extensions.swift"; sourceTree = "<group>"; };
		BFFF2E82268A9B1800005591 /* TabBarModel.swift */ = {isa = PBXFileReference; lastKnownFileType = sourcecode.swift; path = TabBarModel.swift; sourceTree = "<group>"; };
		BFFF2E85268A9C6400005591 /* zh-Hans */ = {isa = PBXFileReference; lastKnownFileType = text.plist.strings; name = "zh-Hans"; path = "zh-Hans.lproj/LaunchScreen.strings"; sourceTree = "<group>"; };
		BFFF2E89268A9C9F00005591 /* en */ = {isa = PBXFileReference; lastKnownFileType = text.plist.strings; name = en; path = en.lproj/Localizable.strings; sourceTree = "<group>"; };
		BFFF2E8B268A9CA400005591 /* zh-Hans */ = {isa = PBXFileReference; lastKnownFileType = text.plist.strings; name = "zh-Hans"; path = "zh-Hans.lproj/Localizable.strings"; sourceTree = "<group>"; };
/* End PBXFileReference section */

/* Begin PBXFrameworksBuildPhase section */
		4D0B204D266F59C9005037E1 /* Frameworks */ = {
			isa = PBXFrameworksBuildPhase;
			buildActionMask = 2147483647;
			files = (
				447E9990AB27F7FCD3D924AC /* Pods_TextureExamples.framework in Frameworks */,
			);
			runOnlyForDeploymentPostprocessing = 0;
		};
/* End PBXFrameworksBuildPhase section */

/* Begin PBXGroup section */
		01989C25AA978078F39C5D29 /* Pods */ = {
			isa = PBXGroup;
			children = (
				4C6F4B15B65F7B3C52AFF782 /* Pods-TextureExamples.debug.xcconfig */,
				14B6AE99CCC904DA354573DB /* Pods-TextureExamples.release.xcconfig */,
			);
			path = Pods;
			sourceTree = "<group>";
		};
		4D0AF94E2692E43400382C48 /* JustifyAndAlign */ = {
			isa = PBXGroup;
			children = (
				4D0AF94F2692E44600382C48 /* JustifyAndAlignController.swift */,
			);
			path = JustifyAndAlign;
			sourceTree = "<group>";
		};
		4D0B2047266F59C9005037E1 = {
			isa = PBXGroup;
			children = (
				4D0B2052266F59C9005037E1 /* TextureExamples */,
				4D0B2051266F59C9005037E1 /* Products */,
				01989C25AA978078F39C5D29 /* Pods */,
				E9D7BEF27D601D41271BE549 /* Frameworks */,
			);
			sourceTree = "<group>";
		};
		4D0B2051266F59C9005037E1 /* Products */ = {
			isa = PBXGroup;
			children = (
				4D0B2050266F59C9005037E1 /* TextureExamples.app */,
			);
			name = Products;
			sourceTree = "<group>";
		};
		4D0B2052266F59C9005037E1 /* TextureExamples */ = {
			isa = PBXGroup;
			children = (
				BF367F8526932751009A883A /* Apis */,
				4D0B2053266F59C9005037E1 /* AppDelegate.swift */,
				BFFF2E75268A081D00005591 /* Base */,
				4D0B2075266F5A7F005037E1 /* Extensions */,
				4D5C89F926958C43007AD78D /* LayoutModules */,
				BFC371D5268CCDB200A67231 /* ListModules */,
				BFFF2E70268A063400005591 /* Modules */,
				4D0B2067266F59FD005037E1 /* Resources */,
				4D0B2081266F5A7F005037E1 /* TextureSupport */,
				4D0B2068266F5A7E005037E1 /* Utils */,
			);
			path = TextureExamples;
			sourceTree = "<group>";
		};
		4D0B2067266F59FD005037E1 /* Resources */ = {
			isa = PBXGroup;
			children = (
				4D0B205C266F59CB005037E1 /* Assets.xcassets */,
				4D0B205E266F59CB005037E1 /* LaunchScreen.storyboard */,
				4D0B2061266F59CB005037E1 /* Info.plist */,
				BFFF2E8A268A9C9F00005591 /* Localizable.strings */,
			);
			path = Resources;
			sourceTree = "<group>";
		};
		4D0B2068266F5A7E005037E1 /* Utils */ = {
			isa = PBXGroup;
			children = (
				4D0B2069266F5A7E005037E1 /* Constants.swift */,
				4DCD9C1D2695AC5D0067DBF6 /* Logger.swift */,
			);
			path = Utils;
			sourceTree = "<group>";
		};
		4D0B2075266F5A7F005037E1 /* Extensions */ = {
			isa = PBXGroup;
			children = (
				BFFF2E80268A299500005591 /* UIColor+Extensions.swift */,
				BFFF2E7E268A28F500005591 /* NSAttributeString+Extensions.swift */,
				4D0B2076266F5A7F005037E1 /* Date.swift */,
				4D0B2077266F5A7F005037E1 /* NumberFormatter.swift */,
				BFAF3BF1266FC7F3008DFED8 /* Rx+Observable.swift */,
				4D5C89E926942745007AD78D /* UIViewController+Extensions.swift */,
			);
			path = Extensions;
			sourceTree = "<group>";
		};
		4D0B207A266F5A7F005037E1 /* CollectionNode */ = {
			isa = PBXGroup;
			children = (
				BFC413262694AA1C00385C8D /* IGListKit */,
				4D5C89F2269448AD007AD78D /* UIKits */,
				4D5C89F1269448A2007AD78D /* AsyncDisplayKit */,
			);
			path = CollectionNode;
			sourceTree = "<group>";
		};
		4D0B2081266F5A7F005037E1 /* TextureSupport */ = {
			isa = PBXGroup;
			children = (
				4D0B2082266F5A7F005037E1 /* Book.StyledEdgeNode.swift */,
				4D0B2083266F5A7F005037E1 /* RootContainerViewController.swift */,
				4D0B2084266F5A7F005037E1 /* Book.ImageNode.swift */,
				4D0B2085266F5A7F005037E1 /* Components */,
				4D0B2088266F5A7F005037E1 /* ViewControllers */,
				4D0B208E266F5A7F005037E1 /* Util.swift */,
				4D0B208F266F5A7F005037E1 /* Book.swift */,
				4D0B2090266F5A7F005037E1 /* Book.TiledLayer.swift */,
				4D0B2091266F5A7F005037E1 /* ZStackView.swift */,
				4D0B2092266F5A7F005037E1 /* Book.InteractiveNode.swift */,
			);
			path = TextureSupport;
			sourceTree = "<group>";
		};
		4D0B2085266F5A7F005037E1 /* Components */ = {
			isa = PBXGroup;
			children = (
				4D0B2086266F5A7F005037E1 /* Mocks.swift */,
				4D0B2087266F5A7F005037E1 /* Components.swift */,
			);
			path = Components;
			sourceTree = "<group>";
		};
		4D0B2088266F5A7F005037E1 /* ViewControllers */ = {
			isa = PBXGroup;
			children = (
				4D0B2089266F5A7F005037E1 /* RecursiveLayoutViewController.swift */,
				4D0B208A266F5A7F005037E1 /* InstagramPostCellViewController.swift */,
				4D0B208B266F5A7F005037E1 /* CompositionCatalogViewController.swift */,
				4D0B208C266F5A7F005037E1 /* AdaptiveLayoutViewController.swift */,
				4D0B208D266F5A7F005037E1 /* TransitionLayoutViewController.swift */,
			);
			path = ViewControllers;
			sourceTree = "<group>";
		};
		4D5C89DE26931601007AD78D /* Photos */ = {
			isa = PBXGroup;
			children = (
				4D5C89E826940712007AD78D /* AsyncDisplayKit */,
				BF367FA526935013009A883A /* PhotoTableModel.swift */,
				4D5C89DF2693166B007AD78D /* PhotoTableViewModel.swift */,
				4D5C89E7269406FD007AD78D /* UIKits */,
			);
			path = Photos;
			sourceTree = "<group>";
		};
		4D5C89E7269406FD007AD78D /* UIKits */ = {
			isa = PBXGroup;
			children = (
				4D5C89E12693EBF7007AD78D /* PhotoTableViewCell.swift */,
				4D5C89DA26931551007AD78D /* PhotoTableViewController.swift */,
			);
			path = UIKits;
			sourceTree = "<group>";
		};
		4D5C89E826940712007AD78D /* AsyncDisplayKit */ = {
			isa = PBXGroup;
			children = (
				4D5C89E52693FE4E007AD78D /* PhotoTableCellNode.swift */,
				4D5C89DC269315D5007AD78D /* PhotoTableNodeController.swift */,
			);
			path = AsyncDisplayKit;
			sourceTree = "<group>";
		};
		4D5C89F1269448A2007AD78D /* AsyncDisplayKit */ = {
			isa = PBXGroup;
			children = (
				4D0B207B266F5A7F005037E1 /* CustomCollectionCellNode.swift */,
				4D0B207C266F5A7F005037E1 /* CustomCollectionNodeController.swift */,
				4D5C89EF2694387C007AD78D /* PhotoCollectionCellNode.swift */,
				4D5C89ED2694386B007AD78D /* PhotoCollectionNodeController.swift */,
			);
			path = AsyncDisplayKit;
			sourceTree = "<group>";
		};
		4D5C89F2269448AD007AD78D /* UIKits */ = {
			isa = PBXGroup;
			children = (
				4D5C89F3269448C8007AD78D /* PhotoCollectionViewController.swift */,
				4D5C89F5269448D6007AD78D /* PhotoCollectionViewCell.swift */,
			);
			path = UIKits;
			sourceTree = "<group>";
		};
		4D5C89F926958C43007AD78D /* LayoutModules */ = {
			isa = PBXGroup;
			children = (
				BFC4132B2695CDB000385C8D /* Nodes */,
				4DCD9C182695A6D20067DBF6 /* Controllers */,
				4DCD9C162695A4140067DBF6 /* LayoutsCellNode.swift */,
				4DCD9C1026959E410067DBF6 /* LayoutsController.swift */,
				4DCD9C1426959EB60067DBF6 /* LayoutsModel.swift */,
				4DCD9C1226959E8B0067DBF6 /* LayoutsViewModel.swift */,
			);
			path = LayoutModules;
			sourceTree = "<group>";
		};
		4DCD9C182695A6D20067DBF6 /* Controllers */ = {
			isa = PBXGroup;
			children = (
				4DCD9C1B2695A7D60067DBF6 /* WrapperLayoutController.swift */,
				4DCD9C1F2695AFB30067DBF6 /* StackLayoutController.swift */,
				4DCD9C212695B2250067DBF6 /* InsetLayoutController.swift */,
				4DCD9C232695B2E70067DBF6 /* OverlayLayoutController.swift */,
				BFC413292695CD9D00385C8D /* BackgroundLayoutController.swift */,
				BFC4132E2695D8F200385C8D /* CenterLayoutController.swift */,
				BFC413302695FE9000385C8D /* RatioLayoutController.swift */,
			);
			path = Controllers;
			sourceTree = "<group>";
		};
		BF367F8526932751009A883A /* Apis */ = {
			isa = PBXGroup;
			children = (
				BF367F932693278B009A883A /* ActivityIndicator.swift */,
				BF367F952693278B009A883A /* ApiService.swift */,
				BF367F862693278A009A883A /* ApiServiceType.swift */,
				BF367F882693278B009A883A /* NetworkingConfig */,
				BF367F872693278A009A883A /* Router.swift */,
			);
			path = Apis;
			sourceTree = "<group>";
		};
		BF367F882693278B009A883A /* NetworkingConfig */ = {
			isa = PBXGroup;
			children = (
				BF367F892693278B009A883A /* ApiNetworking.swift */,
				BF367F8A2693278B009A883A /* ApiService+Request.swift */,
				BF367F8B2693278B009A883A /* ErrorTracker.swift */,
				BF367F8C2693278B009A883A /* ApiProvider.swift */,
				BF367F8D2693278B009A883A /* ErrorType.swift */,
				BF367F8E2693278B009A883A /* CodeResponse.swift */,
				BF367F8F2693278B009A883A /* SessionManager.swift */,
				BF367F902693278B009A883A /* NetworkingTypes.swift */,
			);
			path = NetworkingConfig;
			sourceTree = "<group>";
		};
		BFC371CA268BF3B400A67231 /* JustifyContent */ = {
			isa = PBXGroup;
			children = (
				BFC371CE268BF3E100A67231 /* JustifyContentController.swift */,
			);
			path = JustifyContent;
			sourceTree = "<group>";
		};
		BFC371CB268BF3C000A67231 /* AlignItems */ = {
			isa = PBXGroup;
			children = (
				BFC371CC268BF3D600A67231 /* AlignItemsController.swift */,
			);
			path = AlignItems;
			sourceTree = "<group>";
		};
		BFC371D0268BF46900A67231 /* ExampleList */ = {
			isa = PBXGroup;
			children = (
				BFFF2E7C268A0AA700005591 /* ExampleListCellNode.swift */,
				BFFF2E73268A078000005591 /* ExampleListController.swift */,
				BFFF2E7A268A09F500005591 /* ExampleListModel.swift */,
				BFFF2E78268A09AE00005591 /* ExampleListViewModel.swift */,
			);
			path = ExampleList;
			sourceTree = "<group>";
		};
		BFC371D1268BF47B00A67231 /* TabBar */ = {
			isa = PBXGroup;
			children = (
				BFFF2E71268A065A00005591 /* TabBarController.swift */,
				BFFF2E82268A9B1800005591 /* TabBarModel.swift */,
			);
			path = TabBar;
			sourceTree = "<group>";
		};
		BFC371D5268CCDB200A67231 /* ListModules */ = {
			isa = PBXGroup;
			children = (
				4D0B207A266F5A7F005037E1 /* CollectionNode */,
				BF367FAB26936290009A883A /* ListsCellNode.swift */,
				BFC371D6268CCDCE00A67231 /* ListsController.swift */,
				BF367FA92693602C009A883A /* ListsModel.swift */,
				BF367FA726935F95009A883A /* ListsViewModel.swift */,
				4D5C89DE26931601007AD78D /* Photos */,
			);
			path = ListModules;
			sourceTree = "<group>";
		};
		BFC413262694AA1C00385C8D /* IGListKit */ = {
			isa = PBXGroup;
			children = (
				BFC413272694B82B00385C8D /* PhotoIGCollectionNodeController.swift */,
			);
			path = IGListKit;
			sourceTree = "<group>";
		};
		BFC4132B2695CDB000385C8D /* Nodes */ = {
			isa = PBXGroup;
			children = (
				BFC4132C2695CDBC00385C8D /* ColorNode.swift */,
			);
			path = Nodes;
			sourceTree = "<group>";
		};
		BFFF2E70268A063400005591 /* Modules */ = {
			isa = PBXGroup;
			children = (
				BFC371CB268BF3C000A67231 /* AlignItems */,
				BFC371D0268BF46900A67231 /* ExampleList */,
				4D0AF94E2692E43400382C48 /* JustifyAndAlign */,
				BFC371CA268BF3B400A67231 /* JustifyContent */,
				BFC371D1268BF47B00A67231 /* TabBar */,
			);
			path = Modules;
			sourceTree = "<group>";
		};
		BFFF2E75268A081D00005591 /* Base */ = {
			isa = PBXGroup;
			children = (
				4D5C89EB2694279C007AD78D /* BaseCollectionNodeController.swift */,
				4D5C89D726930E3D007AD78D /* BaseNavigationController.swift */,
				4DCD9C192695A73A0067DBF6 /* BaseNodeController.swift */,
				BFFF2E76268A082E00005591 /* BaseTableNodeController.swift */,
				4D8054DE268F0C0900A9B5E9 /* InfoNode.swift */,
				BF367F81269204BF009A883A /* RoundNode.swift */,
				BF367F83269204DB009A883A /* SquareNode.swift */,
			);
			path = Base;
			sourceTree = "<group>";
		};
		E9D7BEF27D601D41271BE549 /* Frameworks */ = {
			isa = PBXGroup;
			children = (
				6CFB62A3112E0806C8A7ED6A /* Pods_TextureExamples.framework */,
			);
			name = Frameworks;
			sourceTree = "<group>";
		};
/* End PBXGroup section */

/* Begin PBXNativeTarget section */
		4D0B204F266F59C9005037E1 /* TextureExamples */ = {
			isa = PBXNativeTarget;
			buildConfigurationList = 4D0B2064266F59CB005037E1 /* Build configuration list for PBXNativeTarget "TextureExamples" */;
			buildPhases = (
				8A9A6686219EBFF84F79FC56 /* [CP] Check Pods Manifest.lock */,
				4D0B204C266F59C9005037E1 /* Sources */,
				4D0B204D266F59C9005037E1 /* Frameworks */,
				4D0B204E266F59C9005037E1 /* Resources */,
				98C28842C443EEDF6F57338B /* [CP] Embed Pods Frameworks */,
			);
			buildRules = (
			);
			dependencies = (
			);
			name = TextureExamples;
			productName = TextureExamples;
			productReference = 4D0B2050266F59C9005037E1 /* TextureExamples.app */;
			productType = "com.apple.product-type.application";
		};
/* End PBXNativeTarget section */

/* Begin PBXProject section */
		4D0B2048266F59C9005037E1 /* Project object */ = {
			isa = PBXProject;
			attributes = {
				LastSwiftUpdateCheck = 1250;
				LastUpgradeCheck = 1250;
				TargetAttributes = {
					4D0B204F266F59C9005037E1 = {
						CreatedOnToolsVersion = 12.5;
					};
				};
			};
			buildConfigurationList = 4D0B204B266F59C9005037E1 /* Build configuration list for PBXProject "TextureExamples" */;
			compatibilityVersion = "Xcode 9.3";
			developmentRegion = en;
			hasScannedForEncodings = 0;
			knownRegions = (
				en,
				Base,
				"zh-Hans",
			);
			mainGroup = 4D0B2047266F59C9005037E1;
			productRefGroup = 4D0B2051266F59C9005037E1 /* Products */;
			projectDirPath = "";
			projectRoot = "";
			targets = (
				4D0B204F266F59C9005037E1 /* TextureExamples */,
			);
		};
/* End PBXProject section */

/* Begin PBXResourcesBuildPhase section */
		4D0B204E266F59C9005037E1 /* Resources */ = {
			isa = PBXResourcesBuildPhase;
			buildActionMask = 2147483647;
			files = (
				4D0B2060266F59CB005037E1 /* LaunchScreen.storyboard in Resources */,
				BFFF2E88268A9C9F00005591 /* Localizable.strings in Resources */,
				4D0B205D266F59CB005037E1 /* Assets.xcassets in Resources */,
			);
			runOnlyForDeploymentPostprocessing = 0;
		};
/* End PBXResourcesBuildPhase section */

/* Begin PBXShellScriptBuildPhase section */
		8A9A6686219EBFF84F79FC56 /* [CP] Check Pods Manifest.lock */ = {
			isa = PBXShellScriptBuildPhase;
			buildActionMask = 2147483647;
			files = (
			);
			inputFileListPaths = (
			);
			inputPaths = (
				"${PODS_PODFILE_DIR_PATH}/Podfile.lock",
				"${PODS_ROOT}/Manifest.lock",
			);
			name = "[CP] Check Pods Manifest.lock";
			outputFileListPaths = (
			);
			outputPaths = (
				"$(DERIVED_FILE_DIR)/Pods-TextureExamples-checkManifestLockResult.txt",
			);
			runOnlyForDeploymentPostprocessing = 0;
			shellPath = /bin/sh;
			shellScript = "diff \"${PODS_PODFILE_DIR_PATH}/Podfile.lock\" \"${PODS_ROOT}/Manifest.lock\" > /dev/null\nif [ $? != 0 ] ; then\n    # print error to STDERR\n    echo \"error: The sandbox is not in sync with the Podfile.lock. Run 'pod install' or update your CocoaPods installation.\" >&2\n    exit 1\nfi\n# This output is used by Xcode 'outputs' to avoid re-running this script phase.\necho \"SUCCESS\" > \"${SCRIPT_OUTPUT_FILE_0}\"\n";
			showEnvVarsInLog = 0;
		};
		98C28842C443EEDF6F57338B /* [CP] Embed Pods Frameworks */ = {
			isa = PBXShellScriptBuildPhase;
			buildActionMask = 2147483647;
			files = (
			);
			inputFileListPaths = (
				"${PODS_ROOT}/Target Support Files/Pods-TextureExamples/Pods-TextureExamples-frameworks-${CONFIGURATION}-input-files.xcfilelist",
			);
			name = "[CP] Embed Pods Frameworks";
			outputFileListPaths = (
				"${PODS_ROOT}/Target Support Files/Pods-TextureExamples/Pods-TextureExamples-frameworks-${CONFIGURATION}-output-files.xcfilelist",
			);
			runOnlyForDeploymentPostprocessing = 0;
			shellPath = /bin/sh;
			shellScript = "\"${PODS_ROOT}/Target Support Files/Pods-TextureExamples/Pods-TextureExamples-frameworks.sh\"\n";
			showEnvVarsInLog = 0;
		};
/* End PBXShellScriptBuildPhase section */

/* Begin PBXSourcesBuildPhase section */
		4D0B204C266F59C9005037E1 /* Sources */ = {
			isa = PBXSourcesBuildPhase;
			buildActionMask = 2147483647;
			files = (
				4DCD9C1A2695A73A0067DBF6 /* BaseNodeController.swift in Sources */,
				4D0B20A7266F5A7F005037E1 /* Mocks.swift in Sources */,
				4D0B20A8266F5A7F005037E1 /* Components.swift in Sources */,
				BF367F84269204DB009A883A /* SquareNode.swift in Sources */,
				BF367F9B2693278B009A883A /* ApiProvider.swift in Sources */,
				4D5C89EA26942745007AD78D /* UIViewController+Extensions.swift in Sources */,
				BFFF2E7B268A09F500005591 /* ExampleListModel.swift in Sources */,
				BFC4132D2695CDBC00385C8D /* ColorNode.swift in Sources */,
				4D0B20AD266F5A7F005037E1 /* TransitionLayoutViewController.swift in Sources */,
				4D0B209F266F5A7F005037E1 /* CustomCollectionCellNode.swift in Sources */,
				BF367F962693278B009A883A /* ApiServiceType.swift in Sources */,
				BF367FAA2693602C009A883A /* ListsModel.swift in Sources */,
				BF367F9C2693278B009A883A /* ErrorType.swift in Sources */,
				4DCD9C242695B2E70067DBF6 /* OverlayLayoutController.swift in Sources */,
				BF367F82269204C0009A883A /* RoundNode.swift in Sources */,
				4D0B20AC266F5A7F005037E1 /* AdaptiveLayoutViewController.swift in Sources */,
				4D0B209C266F5A7F005037E1 /* NumberFormatter.swift in Sources */,
				4DCD9C1326959E8B0067DBF6 /* LayoutsViewModel.swift in Sources */,
				BFFF2E83268A9B1800005591 /* TabBarModel.swift in Sources */,
				4D0B20AE266F5A7F005037E1 /* Util.swift in Sources */,
				BFC413282694B82B00385C8D /* PhotoIGCollectionNodeController.swift in Sources */,
				4DCD9C222695B2250067DBF6 /* InsetLayoutController.swift in Sources */,
				4D0B20AB266F5A7F005037E1 /* CompositionCatalogViewController.swift in Sources */,
				4D5C89E02693166B007AD78D /* PhotoTableViewModel.swift in Sources */,
				BFFF2E74268A078000005591 /* ExampleListController.swift in Sources */,
				4D5C89F4269448C8007AD78D /* PhotoCollectionViewController.swift in Sources */,
				4D5C89E22693EBF7007AD78D /* PhotoTableViewCell.swift in Sources */,
				BFC4132A2695CD9D00385C8D /* BackgroundLayoutController.swift in Sources */,
				BFC413312695FE9000385C8D /* RatioLayoutController.swift in Sources */,
				4D0B20A0266F5A7F005037E1 /* CustomCollectionNodeController.swift in Sources */,
				4D0B20AF266F5A7F005037E1 /* Book.swift in Sources */,
				4D0B20A9266F5A7F005037E1 /* RecursiveLayoutViewController.swift in Sources */,
				4D0B20AA266F5A7F005037E1 /* InstagramPostCellViewController.swift in Sources */,
				BFC371CF268BF3E100A67231 /* JustifyContentController.swift in Sources */,
				4D8054DF268F0C0900A9B5E9 /* InfoNode.swift in Sources */,
				BFFF2E79268A09AE00005591 /* ExampleListViewModel.swift in Sources */,
				BF367F982693278B009A883A /* ApiNetworking.swift in Sources */,
				4D0B2054266F59C9005037E1 /* AppDelegate.swift in Sources */,
				BFC371CD268BF3D600A67231 /* AlignItemsController.swift in Sources */,
				4D0B20A4266F5A7F005037E1 /* Book.StyledEdgeNode.swift in Sources */,
				BFFF2E7F268A28F500005591 /* NSAttributeString+Extensions.swift in Sources */,
				BF367FA42693278B009A883A /* ApiService.swift in Sources */,
				BF367F9D2693278B009A883A /* CodeResponse.swift in Sources */,
				BF367F972693278B009A883A /* Router.swift in Sources */,
				4DCD9C1526959EB60067DBF6 /* LayoutsModel.swift in Sources */,
				BFC371D7268CCDCE00A67231 /* ListsController.swift in Sources */,
				4D5C89DD269315D5007AD78D /* PhotoTableNodeController.swift in Sources */,
				4D5C89E62693FE4E007AD78D /* PhotoTableCellNode.swift in Sources */,
				BFFF2E77268A082E00005591 /* BaseTableNodeController.swift in Sources */,
				BF367FA626935013009A883A /* PhotoTableModel.swift in Sources */,
				BF367F9E2693278B009A883A /* SessionManager.swift in Sources */,
				4D5C89F02694387C007AD78D /* PhotoCollectionCellNode.swift in Sources */,
				BF367F9A2693278B009A883A /* ErrorTracker.swift in Sources */,
				4D0B20B2266F5A7F005037E1 /* Book.InteractiveNode.swift in Sources */,
				4D5C89F6269448D6007AD78D /* PhotoCollectionViewCell.swift in Sources */,
				4D0B20B0266F5A7F005037E1 /* Book.TiledLayer.swift in Sources */,
				4D0AF9502692E44600382C48 /* JustifyAndAlignController.swift in Sources */,
				4D5C89EE2694386B007AD78D /* PhotoCollectionNodeController.swift in Sources */,
				BFFF2E81268A299500005591 /* UIColor+Extensions.swift in Sources */,
				4D5C89D826930E3D007AD78D /* BaseNavigationController.swift in Sources */,
				BF367F9F2693278B009A883A /* NetworkingTypes.swift in Sources */,
				BF367FA22693278B009A883A /* ActivityIndicator.swift in Sources */,
				BF367F992693278B009A883A /* ApiService+Request.swift in Sources */,
				4D0B20A5266F5A7F005037E1 /* RootContainerViewController.swift in Sources */,
				BF367FAC26936290009A883A /* ListsCellNode.swift in Sources */,
				4DCD9C1126959E410067DBF6 /* LayoutsController.swift in Sources */,
				4D0B209B266F5A7F005037E1 /* Date.swift in Sources */,
				BFFF2E72268A065A00005591 /* TabBarController.swift in Sources */,
				4DCD9C1E2695AC5D0067DBF6 /* Logger.swift in Sources */,
				BFFF2E7D268A0AA700005591 /* ExampleListCellNode.swift in Sources */,
				4D5C89EC2694279C007AD78D /* BaseCollectionNodeController.swift in Sources */,
				BF367FA826935F95009A883A /* ListsViewModel.swift in Sources */,
				4D0B20A6266F5A7F005037E1 /* Book.ImageNode.swift in Sources */,
				BFAF3BF2266FC7F3008DFED8 /* Rx+Observable.swift in Sources */,
				4D0B2093266F5A7F005037E1 /* Constants.swift in Sources */,
				BFC4132F2695D8F200385C8D /* CenterLayoutController.swift in Sources */,
				4D5C89DB26931551007AD78D /* PhotoTableViewController.swift in Sources */,
				4DCD9C1C2695A7D60067DBF6 /* WrapperLayoutController.swift in Sources */,
				4D0B20B1266F5A7F005037E1 /* ZStackView.swift in Sources */,
				4DCD9C202695AFB30067DBF6 /* StackLayoutController.swift in Sources */,
				4DCD9C172695A4140067DBF6 /* LayoutsCellNode.swift in Sources */,
			);
			runOnlyForDeploymentPostprocessing = 0;
		};
/* End PBXSourcesBuildPhase section */

/* Begin PBXVariantGroup section */
		4D0B205E266F59CB005037E1 /* LaunchScreen.storyboard */ = {
			isa = PBXVariantGroup;
			children = (
				4D0B205F266F59CB005037E1 /* Base */,
				BFFF2E85268A9C6400005591 /* zh-Hans */,
			);
			name = LaunchScreen.storyboard;
			sourceTree = "<group>";
		};
		BFFF2E8A268A9C9F00005591 /* Localizable.strings */ = {
			isa = PBXVariantGroup;
			children = (
				BFFF2E89268A9C9F00005591 /* en */,
				BFFF2E8B268A9CA400005591 /* zh-Hans */,
			);
			name = Localizable.strings;
			sourceTree = "<group>";
		};
/* End PBXVariantGroup section */

/* Begin XCBuildConfiguration section */
		4D0B2062266F59CB005037E1 /* Debug */ = {
			isa = XCBuildConfiguration;
			buildSettings = {
				ALWAYS_SEARCH_USER_PATHS = NO;
				CLANG_ANALYZER_LOCALIZABILITY_NONLOCALIZED = YES;
				CLANG_ANALYZER_NONNULL = YES;
				CLANG_ANALYZER_NUMBER_OBJECT_CONVERSION = YES_AGGRESSIVE;
				CLANG_CXX_LANGUAGE_STANDARD = "gnu++14";
				CLANG_CXX_LIBRARY = "libc++";
				CLANG_ENABLE_MODULES = YES;
				CLANG_ENABLE_OBJC_ARC = YES;
				CLANG_ENABLE_OBJC_WEAK = YES;
				CLANG_WARN_BLOCK_CAPTURE_AUTORELEASING = YES;
				CLANG_WARN_BOOL_CONVERSION = YES;
				CLANG_WARN_COMMA = YES;
				CLANG_WARN_CONSTANT_CONVERSION = YES;
				CLANG_WARN_DEPRECATED_OBJC_IMPLEMENTATIONS = YES;
				CLANG_WARN_DIRECT_OBJC_ISA_USAGE = YES_ERROR;
				CLANG_WARN_DOCUMENTATION_COMMENTS = YES;
				CLANG_WARN_EMPTY_BODY = YES;
				CLANG_WARN_ENUM_CONVERSION = YES;
				CLANG_WARN_INFINITE_RECURSION = YES;
				CLANG_WARN_INT_CONVERSION = YES;
				CLANG_WARN_NON_LITERAL_NULL_CONVERSION = YES;
				CLANG_WARN_OBJC_IMPLICIT_RETAIN_SELF = YES;
				CLANG_WARN_OBJC_LITERAL_CONVERSION = YES;
				CLANG_WARN_OBJC_ROOT_CLASS = YES_ERROR;
				CLANG_WARN_QUOTED_INCLUDE_IN_FRAMEWORK_HEADER = YES;
				CLANG_WARN_RANGE_LOOP_ANALYSIS = YES;
				CLANG_WARN_STRICT_PROTOTYPES = YES;
				CLANG_WARN_SUSPICIOUS_MOVE = YES;
				CLANG_WARN_UNGUARDED_AVAILABILITY = YES_AGGRESSIVE;
				CLANG_WARN_UNREACHABLE_CODE = YES;
				CLANG_WARN__DUPLICATE_METHOD_MATCH = YES;
				COPY_PHASE_STRIP = NO;
				DEBUG_INFORMATION_FORMAT = dwarf;
				ENABLE_STRICT_OBJC_MSGSEND = YES;
				ENABLE_TESTABILITY = YES;
				GCC_C_LANGUAGE_STANDARD = gnu11;
				GCC_DYNAMIC_NO_PIC = NO;
				GCC_NO_COMMON_BLOCKS = YES;
				GCC_OPTIMIZATION_LEVEL = 0;
				GCC_PREPROCESSOR_DEFINITIONS = (
					"DEBUG=1",
					"$(inherited)",
				);
				GCC_WARN_64_TO_32_BIT_CONVERSION = YES;
				GCC_WARN_ABOUT_RETURN_TYPE = YES_ERROR;
				GCC_WARN_UNDECLARED_SELECTOR = YES;
				GCC_WARN_UNINITIALIZED_AUTOS = YES_AGGRESSIVE;
				GCC_WARN_UNUSED_FUNCTION = YES;
				GCC_WARN_UNUSED_VARIABLE = YES;
				IPHONEOS_DEPLOYMENT_TARGET = 14.5;
				MTL_ENABLE_DEBUG_INFO = INCLUDE_SOURCE;
				MTL_FAST_MATH = YES;
				ONLY_ACTIVE_ARCH = YES;
				SDKROOT = iphoneos;
				SWIFT_ACTIVE_COMPILATION_CONDITIONS = DEBUG;
				SWIFT_OPTIMIZATION_LEVEL = "-Onone";
			};
			name = Debug;
		};
		4D0B2063266F59CB005037E1 /* Release */ = {
			isa = XCBuildConfiguration;
			buildSettings = {
				ALWAYS_SEARCH_USER_PATHS = NO;
				CLANG_ANALYZER_LOCALIZABILITY_NONLOCALIZED = YES;
				CLANG_ANALYZER_NONNULL = YES;
				CLANG_ANALYZER_NUMBER_OBJECT_CONVERSION = YES_AGGRESSIVE;
				CLANG_CXX_LANGUAGE_STANDARD = "gnu++14";
				CLANG_CXX_LIBRARY = "libc++";
				CLANG_ENABLE_MODULES = YES;
				CLANG_ENABLE_OBJC_ARC = YES;
				CLANG_ENABLE_OBJC_WEAK = YES;
				CLANG_WARN_BLOCK_CAPTURE_AUTORELEASING = YES;
				CLANG_WARN_BOOL_CONVERSION = YES;
				CLANG_WARN_COMMA = YES;
				CLANG_WARN_CONSTANT_CONVERSION = YES;
				CLANG_WARN_DEPRECATED_OBJC_IMPLEMENTATIONS = YES;
				CLANG_WARN_DIRECT_OBJC_ISA_USAGE = YES_ERROR;
				CLANG_WARN_DOCUMENTATION_COMMENTS = YES;
				CLANG_WARN_EMPTY_BODY = YES;
				CLANG_WARN_ENUM_CONVERSION = YES;
				CLANG_WARN_INFINITE_RECURSION = YES;
				CLANG_WARN_INT_CONVERSION = YES;
				CLANG_WARN_NON_LITERAL_NULL_CONVERSION = YES;
				CLANG_WARN_OBJC_IMPLICIT_RETAIN_SELF = YES;
				CLANG_WARN_OBJC_LITERAL_CONVERSION = YES;
				CLANG_WARN_OBJC_ROOT_CLASS = YES_ERROR;
				CLANG_WARN_QUOTED_INCLUDE_IN_FRAMEWORK_HEADER = YES;
				CLANG_WARN_RANGE_LOOP_ANALYSIS = YES;
				CLANG_WARN_STRICT_PROTOTYPES = YES;
				CLANG_WARN_SUSPICIOUS_MOVE = YES;
				CLANG_WARN_UNGUARDED_AVAILABILITY = YES_AGGRESSIVE;
				CLANG_WARN_UNREACHABLE_CODE = YES;
				CLANG_WARN__DUPLICATE_METHOD_MATCH = YES;
				COPY_PHASE_STRIP = NO;
				DEBUG_INFORMATION_FORMAT = "dwarf-with-dsym";
				ENABLE_NS_ASSERTIONS = NO;
				ENABLE_STRICT_OBJC_MSGSEND = YES;
				GCC_C_LANGUAGE_STANDARD = gnu11;
				GCC_NO_COMMON_BLOCKS = YES;
				GCC_WARN_64_TO_32_BIT_CONVERSION = YES;
				GCC_WARN_ABOUT_RETURN_TYPE = YES_ERROR;
				GCC_WARN_UNDECLARED_SELECTOR = YES;
				GCC_WARN_UNINITIALIZED_AUTOS = YES_AGGRESSIVE;
				GCC_WARN_UNUSED_FUNCTION = YES;
				GCC_WARN_UNUSED_VARIABLE = YES;
				IPHONEOS_DEPLOYMENT_TARGET = 14.5;
				MTL_ENABLE_DEBUG_INFO = NO;
				MTL_FAST_MATH = YES;
				SDKROOT = iphoneos;
				SWIFT_COMPILATION_MODE = wholemodule;
				SWIFT_OPTIMIZATION_LEVEL = "-O";
				VALIDATE_PRODUCT = YES;
			};
			name = Release;
		};
		4D0B2065266F59CB005037E1 /* Debug */ = {
			isa = XCBuildConfiguration;
			baseConfigurationReference = 4C6F4B15B65F7B3C52AFF782 /* Pods-TextureExamples.debug.xcconfig */;
			buildSettings = {
				ASSETCATALOG_COMPILER_APPICON_NAME = AppIcon;
				ASSETCATALOG_COMPILER_GLOBAL_ACCENT_COLOR_NAME = AccentColor;
				CODE_SIGN_STYLE = Automatic;
				INFOPLIST_FILE = "$(SRCROOT)/TextureExamples/Resources/Info.plist";
				IPHONEOS_DEPLOYMENT_TARGET = 12.1;
				LD_RUNPATH_SEARCH_PATHS = (
					"$(inherited)",
					"@executable_path/Frameworks",
				);
				PRODUCT_BUNDLE_IDENTIFIER = com.cainluo.TextureExamples;
				PRODUCT_NAME = "$(TARGET_NAME)";
				SWIFT_VERSION = 5.0;
				TARGETED_DEVICE_FAMILY = "1,2";
			};
			name = Debug;
		};
		4D0B2066266F59CB005037E1 /* Release */ = {
			isa = XCBuildConfiguration;
			baseConfigurationReference = 14B6AE99CCC904DA354573DB /* Pods-TextureExamples.release.xcconfig */;
			buildSettings = {
				ASSETCATALOG_COMPILER_APPICON_NAME = AppIcon;
				ASSETCATALOG_COMPILER_GLOBAL_ACCENT_COLOR_NAME = AccentColor;
				CODE_SIGN_STYLE = Automatic;
				INFOPLIST_FILE = "$(SRCROOT)/TextureExamples/Resources/Info.plist";
				IPHONEOS_DEPLOYMENT_TARGET = 12.1;
				LD_RUNPATH_SEARCH_PATHS = (
					"$(inherited)",
					"@executable_path/Frameworks",
				);
				PRODUCT_BUNDLE_IDENTIFIER = com.cainluo.TextureExamples;
				PRODUCT_NAME = "$(TARGET_NAME)";
				SWIFT_VERSION = 5.0;
				TARGETED_DEVICE_FAMILY = "1,2";
			};
			name = Release;
		};
/* End XCBuildConfiguration section */

/* Begin XCConfigurationList section */
		4D0B204B266F59C9005037E1 /* Build configuration list for PBXProject "TextureExamples" */ = {
			isa = XCConfigurationList;
			buildConfigurations = (
				4D0B2062266F59CB005037E1 /* Debug */,
				4D0B2063266F59CB005037E1 /* Release */,
			);
			defaultConfigurationIsVisible = 0;
			defaultConfigurationName = Release;
		};
		4D0B2064266F59CB005037E1 /* Build configuration list for PBXNativeTarget "TextureExamples" */ = {
			isa = XCConfigurationList;
			buildConfigurations = (
				4D0B2065266F59CB005037E1 /* Debug */,
				4D0B2066266F59CB005037E1 /* Release */,
			);
			defaultConfigurationIsVisible = 0;
			defaultConfigurationName = Release;
		};
/* End XCConfigurationList section */
	};
	rootObject = 4D0B2048266F59C9005037E1 /* Project object */;
}
